
Microsoft Visual Studio Solution File, Format Version 12.00
# Visual Studio 2013
VisualStudioVersion = 12.0.40629.0
MinimumVisualStudioVersion = 10.0.40219.1
Project("{FAE04EC0-301F-11D3-BF4B-00C04F79EFBC}") = "Bll", "Bll\Bll.csproj", "{9B34D153-50BC-47AA-AD5E-6FBDC523A842}"
EndProject
Project("{FAE04EC0-301F-11D3-BF4B-00C04F79EFBC}") = "Common", "Common\Common.csproj", "{1638AF34-5BA3-4518-ABAD-85B933460756}"
EndProject
Project("{FAE04EC0-301F-11D3-BF4B-00C04F79EFBC}") = "IDal", "IDal\IDal.csproj", "{DA5D98E5-F717-43A8-94D7-45F1CE040486}"
EndProject
Project("{FAE04EC0-301F-11D3-BF4B-00C04F79EFBC}") = "Model", "Model\Model.csproj", "{D1691785-4A93-48A8-9CA9-592CDA490BCE}"
EndProject
Project("{FAE04EC0-301F-11D3-BF4B-00C04F79EFBC}") = "Web", "Web\Web.csproj", "{BCBC9091-9DAB-4FA0-8539-1C859889C39D}"
EndProject
Project("{FAE04EC0-301F-11D3-BF4B-00C04F79EFBC}") = "OracleDal", "OracleDal\OracleDal.csproj", "{43F38E60-41C6-4DCE-916C-EEBC71CB91B8}"
EndProject
Project("{FAE04EC0-301F-11D3-BF4B-00C04F79EFBC}") = "Tincher.Interop", "Tincher.Interop\Tincher.Interop.csproj", "{18D0C428-AD1B-4F9B-82FA-3EEE991BE7AD}"
EndProject
Project("{FAE04EC0-301F-11D3-BF4B-00C04F79EFBC}") = "WebGis", "WebGis\WebGis.csproj", "{A52D5B37-B75B-4091-8C96-812DF0AE0932}"
EndProject
Global
	GlobalSection(SolutionConfigurationPlatforms) = preSolution
		Debug|Any CPU = Debug|Any CPU
		Release|Any CPU = Release|Any CPU
	EndGlobalSection
	GlobalSection(ProjectConfigurationPlatforms) = postSolution
		{9B34D153-50BC-47AA-AD5E-6FBDC523A842}.Debug|Any CPU.ActiveCfg = Debug|Any CPU
		{9B34D153-50BC-47AA-AD5E-6FBDC523A842}.Debug|Any CPU.Build.0 = Debug|Any CPU
		{9B34D153-50BC-47AA-AD5E-6FBDC523A842}.Release|Any CPU.ActiveCfg = Release|Any CPU
		{9B34D153-50BC-47AA-AD5E-6FBDC523A842}.Release|Any CPU.Build.0 = Release|Any CPU
		{1638AF34-5BA3-4518-ABAD-85B933460756}.Debug|Any CPU.ActiveCfg = Debug|Any CPU
		{1638AF34-5BA3-4518-ABAD-85B933460756}.Debug|Any CPU.Build.0 = Debug|Any CPU
		{1638AF34-5BA3-4518-ABAD-85B933460756}.Release|Any CPU.ActiveCfg = Release|Any CPU
		{1638AF34-5BA3-4518-ABAD-85B933460756}.Release|Any CPU.Build.0 = Release|Any CPU
		{DA5D98E5-F717-43A8-94D7-45F1CE040486}.Debug|Any CPU.ActiveCfg = Debug|Any CPU
		{DA5D98E5-F717-43A8-94D7-45F1CE040486}.Debug|Any CPU.Build.0 = Debug|Any CPU
		{DA5D98E5-F717-43A8-94D7-45F1CE040486}.Release|Any CPU.ActiveCfg = Release|Any CPU
		{DA5D98E5-F717-43A8-94D7-45F1CE040486}.Release|Any CPU.Build.0 = Release|Any CPU
		{D1691785-4A93-48A8-9CA9-592CDA490BCE}.Debug|Any CPU.ActiveCfg = Debug|Any CPU
		{D1691785-4A93-48A8-9CA9-592CDA490BCE}.Debug|Any CPU.Build.0 = Debug|Any CPU
		{D1691785-4A93-48A8-9CA9-592CDA490BCE}.Release|Any CPU.ActiveCfg = Release|Any CPU
		{D1691785-4A93-48A8-9CA9-592CDA490BCE}.Release|Any CPU.Build.0 = Release|Any CPU
		{BCBC9091-9DAB-4FA0-8539-1C859889C39D}.Debug|Any CPU.ActiveCfg = Debug|Any CPU
		{BCBC9091-9DAB-4FA0-8539-1C859889C39D}.Debug|Any CPU.Build.0 = Debug|Any CPU
		{BCBC9091-9DAB-4FA0-8539-1C859889C39D}.Release|Any CPU.ActiveCfg = Release|Any CPU
		{BCBC9091-9DAB-4FA0-8539-1C859889C39D}.Release|Any CPU.Build.0 = Release|Any CPU
		{43F38E60-41C6-4DCE-916C-EEBC71CB91B8}.Debug|Any CPU.ActiveCfg = Debug|Any CPU
		{43F38E60-41C6-4DCE-916C-EEBC71CB91B8}.Debug|Any CPU.Build.0 = Debug|Any CPU
		{43F38E60-41C6-4DCE-916C-EEBC71CB91B8}.Release|Any CPU.ActiveCfg = Release|Any CPU
		{43F38E60-41C6-4DCE-916C-EEBC71CB91B8}.Release|Any CPU.Build.0 = Release|Any CPU
		{18D0C428-AD1B-4F9B-82FA-3EEE991BE7AD}.Debug|Any CPU.ActiveCfg = Debug|Any CPU
		{18D0C428-AD1B-4F9B-82FA-3EEE991BE7AD}.Debug|Any CPU.Build.0 = Debug|Any CPU
		{18D0C428-AD1B-4F9B-82FA-3EEE991BE7AD}.Release|Any CPU.ActiveCfg = Release|Any CPU
		{18D0C428-AD1B-4F9B-82FA-3EEE991BE7AD}.Release|Any CPU.Build.0 = Release|Any CPU
		{A52D5B37-B75B-4091-8C96-812DF0AE0932}.Debug|Any CPU.ActiveCfg = Debug|Any CPU
		{A52D5B37-B75B-4091-8C96-812DF0AE0932}.Debug|Any CPU.Build.0 = Debug|Any CPU
		{A52D5B37-B75B-4091-8C96-812DF0AE0932}.Release|Any CPU.ActiveCfg = Release|Any CPU
		{A52D5B37-B75B-4091-8C96-812DF0AE0932}.Release|Any CPU.Build.0 = Release|Any CPU
	EndGlobalSection
	GlobalSection(SolutionProperties) = preSolution
		HideSolutionNode = FALSE
	EndGlobalSection
EndGlobal
